# This file is autogenerated, do not edit; changes may be undone by the next 'dep ensure'.


[[projects]]
  digest = "1:fb63fb6cb9cf7310c6bd83998cc430ee5af1ec52612572ecb42c7aad74bd3598"
  name = "github.com/rs/zerolog"
  packages = [
    ".",
    "internal/cbor",
    "internal/json",
    "log",
  ]
  pruneopts = "UT"
  revision = "acf3980132bfcdc48638724e6e3d9e5749b85999"
  version = "v1.14.3"

[[projects]]
  branch = "master"
  digest = "1:310d2261a57ced9a4a2e680e61d17d5b592502327b1a60f5e5da7d6d81a08242"
  name = "github.com/skarfie123/dockertest"
  packages = ["internal"]
  pruneopts = "UT"
  revision = "343d8065cb43608bc48eadfbe0f0bb2de3943161"

[solve-meta]
  analyzer-name = "dep"
  analyzer-version = 1
  input-imports = [
    "github.com/rs/zerolog/log",
    "github.com/skarfie123/dockertest/internal",
  ]
  solver-name = "gps-cdcl"
  solver-version = 1
